// !$*UTF8*$!
{
	archiveVersion = 1;
	classes = {
	};
	objectVersion = 50;
	objects = {

/* Begin PBXBuildFile section */
		18AFD746208C128C00CDC78F /* AppDelegate.swift in Sources */ = {isa = PBXBuildFile; fileRef = 18AFD745208C128C00CDC78F /* AppDelegate.swift */; };
		18AFD748208C128C00CDC78F /* ViewController.swift in Sources */ = {isa = PBXBuildFile; fileRef = 18AFD747208C128C00CDC78F /* ViewController.swift */; };
		18AFD74B208C128C00CDC78F /* Main.storyboard in Resources */ = {isa = PBXBuildFile; fileRef = 18AFD749208C128C00CDC78F /* Main.storyboard */; };
		18AFD74D208C128E00CDC78F /* Assets.xcassets in Resources */ = {isa = PBXBuildFile; fileRef = 18AFD74C208C128E00CDC78F /* Assets.xcassets */; };
		18AFD750208C128E00CDC78F /* LaunchScreen.storyboard in Resources */ = {isa = PBXBuildFile; fileRef = 18AFD74E208C128E00CDC78F /* LaunchScreen.storyboard */; };
		18AFD758208C158400CDC78F /* Database.swift in Sources */ = {isa = PBXBuildFile; fileRef = 18AFD757208C158400CDC78F /* Database.swift */; };
		18AFD75B208C170400CDC78F /* DepartmentEntity.swift in Sources */ = {isa = PBXBuildFile; fileRef = 18AFD75A208C170400CDC78F /* DepartmentEntity.swift */; };
		18AFD75D208C1A2600CDC78F /* EmployeeEntity.swift in Sources */ = {isa = PBXBuildFile; fileRef = 18AFD75C208C1A2600CDC78F /* EmployeeEntity.swift */; };
		34117AB78CECB4BB33821449 /* Pods_TestApp.framework in Frameworks */ = {isa = PBXBuildFile; fileRef = F9C30E6253E4C423960A67F5 /* Pods_TestApp.framework */; };
		84BC379721131AD4001BDB9C /* DataHelper.swift in Sources */ = {isa = PBXBuildFile; fileRef = 84BC379621131AD4001BDB9C /* DataHelper.swift */; };
/* End PBXBuildFile section */

/* Begin PBXFileReference section */
		18AFD742208C128C00CDC78F /* TestApp.app */ = {isa = PBXFileReference; explicitFileType = wrapper.application; includeInIndex = 0; path = TestApp.app; sourceTree = BUILT_PRODUCTS_DIR; };
		18AFD745208C128C00CDC78F /* AppDelegate.swift */ = {isa = PBXFileReference; lastKnownFileType = sourcecode.swift; path = AppDelegate.swift; sourceTree = "<group>"; };
		18AFD747208C128C00CDC78F /* ViewController.swift */ = {isa = PBXFileReference; lastKnownFileType = sourcecode.swift; path = ViewController.swift; sourceTree = "<group>"; };
		18AFD74A208C128C00CDC78F /* Base */ = {isa = PBXFileReference; lastKnownFileType = file.storyboard; name = Base; path = Base.lproj/Main.storyboard; sourceTree = "<group>"; };
		18AFD74C208C128E00CDC78F /* Assets.xcassets */ = {isa = PBXFileReference; lastKnownFileType = folder.assetcatalog; path = Assets.xcassets; sourceTree = "<group>"; };
		18AFD74F208C128E00CDC78F /* Base */ = {isa = PBXFileReference; lastKnownFileType = file.storyboard; name = Base; path = Base.lproj/LaunchScreen.storyboard; sourceTree = "<group>"; };
		18AFD751208C128E00CDC78F /* Info.plist */ = {isa = PBXFileReference; lastKnownFileType = text.plist.xml; path = Info.plist; sourceTree = "<group>"; };
		18AFD757208C158400CDC78F /* Database.swift */ = {isa = PBXFileReference; lastKnownFileType = sourcecode.swift; path = Database.swift; sourceTree = "<group>"; };
		18AFD75A208C170400CDC78F /* DepartmentEntity.swift */ = {isa = PBXFileReference; lastKnownFileType = sourcecode.swift; path = DepartmentEntity.swift; sourceTree = "<group>"; };
		18AFD75C208C1A2600CDC78F /* EmployeeEntity.swift */ = {isa = PBXFileReference; lastKnownFileType = sourcecode.swift; path = EmployeeEntity.swift; sourceTree = "<group>"; };
		4E67E7B0480AAAB2EE1114D5 /* Pods-TestApp.release.xcconfig */ = {isa = PBXFileReference; includeInIndex = 1; lastKnownFileType = text.xcconfig; name = "Pods-TestApp.release.xcconfig"; path = "Pods/Target Support Files/Pods-TestApp/Pods-TestApp.release.xcconfig"; sourceTree = "<group>"; };
		819E4131918A6598C6B04979 /* Pods-TestApp.debug.xcconfig */ = {isa = PBXFileReference; includeInIndex = 1; lastKnownFileType = text.xcconfig; name = "Pods-TestApp.debug.xcconfig"; path = "Pods/Target Support Files/Pods-TestApp/Pods-TestApp.debug.xcconfig"; sourceTree = "<group>"; };
		84BC379621131AD4001BDB9C /* DataHelper.swift */ = {isa = PBXFileReference; lastKnownFileType = sourcecode.swift; path = DataHelper.swift; sourceTree = "<group>"; };
		F9C30E6253E4C423960A67F5 /* Pods_TestApp.framework */ = {isa = PBXFileReference; explicitFileType = wrapper.framework; includeInIndex = 0; path = Pods_TestApp.framework; sourceTree = BUILT_PRODUCTS_DIR; };
/* End PBXFileReference section */

/* Begin PBXFrameworksBuildPhase section */
		18AFD73F208C128C00CDC78F /* Frameworks */ = {
			isa = PBXFrameworksBuildPhase;
			buildActionMask = 2147483647;
			files = (
				34117AB78CECB4BB33821449 /* Pods_TestApp.framework in Frameworks */,
			);
			runOnlyForDeploymentPostprocessing = 0;
		};
/* End PBXFrameworksBuildPhase section */

/* Begin PBXGroup section */
		18AFD739208C128C00CDC78F = {
			isa = PBXGroup;
			children = (
				18AFD744208C128C00CDC78F /* TestApp */,
				18AFD743208C128C00CDC78F /* Products */,
				83323BC84FDB8834ECC0E50A /* Pods */,
				362BADB41AAAA8B6E6116556 /* Frameworks */,
			);
			sourceTree = "<group>";
		};
		18AFD743208C128C00CDC78F /* Products */ = {
			isa = PBXGroup;
			children = (
				18AFD742208C128C00CDC78F /* TestApp.app */,
			);
			name = Products;
			sourceTree = "<group>";
		};
		18AFD744208C128C00CDC78F /* TestApp */ = {
			isa = PBXGroup;
			children = (
				18AFD745208C128C00CDC78F /* AppDelegate.swift */,
				18AFD74C208C128E00CDC78F /* Assets.xcassets */,
				18AFD759208C16DB00CDC78F /* Database */,
				18AFD751208C128E00CDC78F /* Info.plist */,
				18AFD74E208C128E00CDC78F /* LaunchScreen.storyboard */,
				18AFD749208C128C00CDC78F /* Main.storyboard */,
				18AFD747208C128C00CDC78F /* ViewController.swift */,
				84BC379621131AD4001BDB9C /* DataHelper.swift */,
			);
			path = TestApp;
			sourceTree = "<group>";
		};
		18AFD759208C16DB00CDC78F /* Database */ = {
			isa = PBXGroup;
			children = (
				18AFD757208C158400CDC78F /* Database.swift */,
				18AFD75A208C170400CDC78F /* DepartmentEntity.swift */,
				18AFD75C208C1A2600CDC78F /* EmployeeEntity.swift */,
			);
			path = Database;
			sourceTree = "<group>";
		};
		362BADB41AAAA8B6E6116556 /* Frameworks */ = {
			isa = PBXGroup;
			children = (
				F9C30E6253E4C423960A67F5 /* Pods_TestApp.framework */,
			);
			name = Frameworks;
			sourceTree = "<group>";
		};
		83323BC84FDB8834ECC0E50A /* Pods */ = {
			isa = PBXGroup;
			children = (
				819E4131918A6598C6B04979 /* Pods-TestApp.debug.xcconfig */,
				4E67E7B0480AAAB2EE1114D5 /* Pods-TestApp.release.xcconfig */,
			);
			name = Pods;
			sourceTree = "<group>";
		};
/* End PBXGroup section */

/* Begin PBXNativeTarget section */
		18AFD741208C128C00CDC78F /* TestApp */ = {
			isa = PBXNativeTarget;
			buildConfigurationList = 18AFD754208C128E00CDC78F /* Build configuration list for PBXNativeTarget "TestApp" */;
			buildPhases = (
				B3F2A2B120B6EF9836792CB9 /* [CP] Check Pods Manifest.lock */,
				18AFD73E208C128C00CDC78F /* Sources */,
				18AFD73F208C128C00CDC78F /* Frameworks */,
				18AFD740208C128C00CDC78F /* Resources */,
				30A775D6EBD40F1C420E8DED /* [CP] Embed Pods Frameworks */,
			);
			buildRules = (
			);
			dependencies = (
			);
			name = TestApp;
			productName = SQLiteExample;
			productReference = 18AFD742208C128C00CDC78F /* TestApp.app */;
			productType = "com.apple.product-type.application";
		};
/* End PBXNativeTarget section */

/* Begin PBXProject section */
		18AFD73A208C128C00CDC78F /* Project object */ = {
			isa = PBXProject;
			attributes = {
				LastSwiftUpdateCheck = 0930;
				LastUpgradeCheck = 0930;
				ORGANIZATIONNAME = "Hoàng Khánh";
				TargetAttributes = {
					18AFD741208C128C00CDC78F = {
						CreatedOnToolsVersion = 9.3;
					};
				};
			};
			buildConfigurationList = 18AFD73D208C128C00CDC78F /* Build configuration list for PBXProject "TestApp" */;
			compatibilityVersion = "Xcode 9.3";
			developmentRegion = en;
			hasScannedForEncodings = 0;
			knownRegions = (
				en,
				Base,
			);
			mainGroup = 18AFD739208C128C00CDC78F;
			productRefGroup = 18AFD743208C128C00CDC78F /* Products */;
			projectDirPath = "";
			projectRoot = "";
			targets = (
				18AFD741208C128C00CDC78F /* TestApp */,
			);
		};
/* End PBXProject section */

/* Begin PBXResourcesBuildPhase section */
		18AFD740208C128C00CDC78F /* Resources */ = {
			isa = PBXResourcesBuildPhase;
			buildActionMask = 2147483647;
			files = (
				18AFD750208C128E00CDC78F /* LaunchScreen.storyboard in Resources */,
				18AFD74D208C128E00CDC78F /* Assets.xcassets in Resources */,
				18AFD74B208C128C00CDC78F /* Main.storyboard in Resources */,
			);
			runOnlyForDeploymentPostprocessing = 0;
		};
/* End PBXResourcesBuildPhase section */

/* Begin PBXShellScriptBuildPhase section */
		30A775D6EBD40F1C420E8DED /* [CP] Embed Pods Frameworks */ = {
			isa = PBXShellScriptBuildPhase;
			buildActionMask = 2147483647;
			files = (
			);
			inputPaths = (
				"${SRCROOT}/Pods/Target Support Files/Pods-TestApp/Pods-TestApp-frameworks.sh",
				"${BUILT_PRODUCTS_DIR}/Alamofire/Alamofire.framework",
				"${BUILT_PRODUCTS_DIR}/AlamofireNetworkActivityLogger/AlamofireNetworkActivityLogger.framework",
				"${BUILT_PRODUCTS_DIR}/SQLite.swift/SQLite.framework",
				"${BUILT_PRODUCTS_DIR}/SwiftyJSON/SwiftyJSON.framework",
			);
			name = "[CP] Embed Pods Frameworks";
			outputPaths = (
				"${TARGET_BUILD_DIR}/${FRAMEWORKS_FOLDER_PATH}/Alamofire.framework",
				"${TARGET_BUILD_DIR}/${FRAMEWORKS_FOLDER_PATH}/AlamofireNetworkActivityLogger.framework",
				"${TARGET_BUILD_DIR}/${FRAMEWORKS_FOLDER_PATH}/SQLite.framework",
				"${TARGET_BUILD_DIR}/${FRAMEWORKS_FOLDER_PATH}/SwiftyJSON.framework",
			);
			runOnlyForDeploymentPostprocessing = 0;
			shellPath = /bin/sh;
			shellScript = "\"${SRCROOT}/Pods/Target Support Files/Pods-TestApp/Pods-TestApp-frameworks.sh\"\n";
			showEnvVarsInLog = 0;
		};
		B3F2A2B120B6EF9836792CB9 /* [CP] Check Pods Manifest.lock */ = {
			isa = PBXShellScriptBuildPhase;
			buildActionMask = 2147483647;
			files = (
			);
			inputPaths = (
				"${PODS_PODFILE_DIR_PATH}/Podfile.lock",
				"${PODS_ROOT}/Manifest.lock",
			);
			name = "[CP] Check Pods Manifest.lock";
			outputPaths = (
				"$(DERIVED_FILE_DIR)/Pods-TestApp-checkManifestLockResult.txt",
			);
			runOnlyForDeploymentPostprocessing = 0;
			shellPath = /bin/sh;
			shellScript = "diff \"${PODS_PODFILE_DIR_PATH}/Podfile.lock\" \"${PODS_ROOT}/Manifest.lock\" > /dev/null\nif [ $? != 0 ] ; then\n    # print error to STDERR\n    echo \"error: The sandbox is not in sync with the Podfile.lock. Run 'pod install' or update your CocoaPods installation.\" >&2\n    exit 1\nfi\n# This output is used by Xcode 'outputs' to avoid re-running this script phase.\necho \"SUCCESS\" > \"${SCRIPT_OUTPUT_FILE_0}\"\n";
			showEnvVarsInLog = 0;
		};
/* End PBXShellScriptBuildPhase section */

/* Begin PBXSourcesBuildPhase section */
		18AFD73E208C128C00CDC78F /* Sources */ = {
			isa = PBXSourcesBuildPhase;
			buildActionMask = 2147483647;
			files = (
				18AFD758208C158400CDC78F /* Database.swift in Sources */,
				18AFD75D208C1A2600CDC78F /* EmployeeEntity.swift in Sources */,
				18AFD748208C128C00CDC78F /* ViewController.swift in Sources */,
				84BC379721131AD4001BDB9C /* DataHelper.swift in Sources */,
				18AFD75B208C170400CDC78F /* DepartmentEntity.swift in Sources */,
				18AFD746208C128C00CDC78F /* AppDelegate.swift in Sources */,
			);
			runOnlyForDeploymentPostprocessing = 0;
		};
/* End PBXSourcesBuildPhase section */

/* Begin PBXVariantGroup section */
		18AFD749208C128C00CDC78F /* Main.storyboard */ = {
			isa = PBXVariantGroup;
			children = (
				18AFD74A208C128C00CDC78F /* Base */,
			);
			name = Main.storyboard;
			sourceTree = "<group>";
		};
		18AFD74E208C128E00CDC78F /* LaunchScreen.storyboard */ = {
			isa = PBXVariantGroup;
			children = (
				18AFD74F208C128E00CDC78F /* Base */,
			);
			name = LaunchScreen.storyboard;
			sourceTree = "<group>";
		};
/* End PBXVariantGroup section */

/* Begin XCBuildConfiguration section */
		18AFD752208C128E00CDC78F /* Debug */ = {
			isa = XCBuildConfiguration;
			buildSettings = {
				ALWAYS_SEARCH_USER_PATHS = NO;
				CLANG_ANALYZER_NONNULL = YES;
				CLANG_ANALYZER_NUMBER_OBJECT_CONVERSION = YES_AGGRESSIVE;
				CLANG_CXX_LANGUAGE_STANDARD = "gnu++14";
				CLANG_CXX_LIBRARY = "libc++";
				CLANG_ENABLE_MODULES = YES;
				CLANG_ENABLE_OBJC_ARC = YES;
				CLANG_ENABLE_OBJC_WEAK = YES;
				CLANG_WARN_BLOCK_CAPTURE_AUTORELEASING = YES;
				CLANG_WARN_BOOL_CONVERSION = YES;
				CLANG_WARN_COMMA = YES;
				CLANG_WARN_CONSTANT_CONVERSION = YES;
				CLANG_WARN_DEPRECATED_OBJC_IMPLEMENTATIONS = YES;
				CLANG_WARN_DIRECT_OBJC_ISA_USAGE = YES_ERROR;
				CLANG_WARN_DOCUMENTATION_COMMENTS = YES;
				CLANG_WARN_EMPTY_BODY = YES;
				CLANG_WARN_ENUM_CONVERSION = YES;
				CLANG_WARN_INFINITE_RECURSION = YES;
				CLANG_WARN_INT_CONVERSION = YES;
				CLANG_WARN_NON_LITERAL_NULL_CONVERSION = YES;
				CLANG_WARN_OBJC_IMPLICIT_RETAIN_SELF = YES;
				CLANG_WARN_OBJC_LITERAL_CONVERSION = YES;
				CLANG_WARN_OBJC_ROOT_CLASS = YES_ERROR;
				CLANG_WARN_RANGE_LOOP_ANALYSIS = YES;
				CLANG_WARN_STRICT_PROTOTYPES = YES;
				CLANG_WARN_SUSPICIOUS_MOVE = YES;
				CLANG_WARN_UNGUARDED_AVAILABILITY = YES_AGGRESSIVE;
				CLANG_WARN_UNREACHABLE_CODE = YES;
				CLANG_WARN__DUPLICATE_METHOD_MATCH = YES;
				CODE_SIGN_IDENTITY = "iPhone Developer";
				COPY_PHASE_STRIP = NO;
				DEBUG_INFORMATION_FORMAT = dwarf;
				ENABLE_STRICT_OBJC_MSGSEND = YES;
				ENABLE_TESTABILITY = YES;
				GCC_C_LANGUAGE_STANDARD = gnu11;
				GCC_DYNAMIC_NO_PIC = NO;
				GCC_NO_COMMON_BLOCKS = YES;
				GCC_OPTIMIZATION_LEVEL = 0;
				GCC_PREPROCESSOR_DEFINITIONS = (
					"DEBUG=1",
					"$(inherited)",
				);
				GCC_WARN_64_TO_32_BIT_CONVERSION = YES;
				GCC_WARN_ABOUT_RETURN_TYPE = YES_ERROR;
				GCC_WARN_UNDECLARED_SELECTOR = YES;
				GCC_WARN_UNINITIALIZED_AUTOS = YES_AGGRESSIVE;
				GCC_WARN_UNUSED_FUNCTION = YES;
				GCC_WARN_UNUSED_VARIABLE = YES;
				IPHONEOS_DEPLOYMENT_TARGET = 11.3;
				MTL_ENABLE_DEBUG_INFO = YES;
				ONLY_ACTIVE_ARCH = YES;
				SDKROOT = iphoneos;
				SWIFT_ACTIVE_COMPILATION_CONDITIONS = DEBUG;
				SWIFT_OPTIMIZATION_LEVEL = "-Onone";
			};
			name = Debug;
		};
		18AFD753208C128E00CDC78F /* Release */ = {
			isa = XCBuildConfiguration;
			buildSettings = {
				ALWAYS_SEARCH_USER_PATHS = NO;
				CLANG_ANALYZER_NONNULL = YES;
				CLANG_ANALYZER_NUMBER_OBJECT_CONVERSION = YES_AGGRESSIVE;
				CLANG_CXX_LANGUAGE_STANDARD = "gnu++14";
				CLANG_CXX_LIBRARY = "libc++";
				CLANG_ENABLE_MODULES = YES;
				CLANG_ENABLE_OBJC_ARC = YES;
				CLANG_ENABLE_OBJC_WEAK = YES;
				CLANG_WARN_BLOCK_CAPTURE_AUTORELEASING = YES;
				CLANG_WARN_BOOL_CONVERSION = YES;
				CLANG_WARN_COMMA = YES;
				CLANG_WARN_CONSTANT_CONVERSION = YES;
				CLANG_WARN_DEPRECATED_OBJC_IMPLEMENTATIONS = YES;
				CLANG_WARN_DIRECT_OBJC_ISA_USAGE = YES_ERROR;
				CLANG_WARN_DOCUMENTATION_COMMENTS = YES;
				CLANG_WARN_EMPTY_BODY = YES;
				CLANG_WARN_ENUM_CONVERSION = YES;
				CLANG_WARN_INFINITE_RECURSION = YES;
				CLANG_WARN_INT_CONVERSION = YES;
				CLANG_WARN_NON_LITERAL_NULL_CONVERSION = YES;
				CLANG_WARN_OBJC_IMPLICIT_RETAIN_SELF = YES;
				CLANG_WARN_OBJC_LITERAL_CONVERSION = YES;
				CLANG_WARN_OBJC_ROOT_CLASS = YES_ERROR;
				CLANG_WARN_RANGE_LOOP_ANALYSIS = YES;
				CLANG_WARN_STRICT_PROTOTYPES = YES;
				CLANG_WARN_SUSPICIOUS_MOVE = YES;
				CLANG_WARN_UNGUARDED_AVAILABILITY = YES_AGGRESSIVE;
				CLANG_WARN_UNREACHABLE_CODE = YES;
				CLANG_WARN__DUPLICATE_METHOD_MATCH = YES;
				CODE_SIGN_IDENTITY = "iPhone Developer";
				COPY_PHASE_STRIP = NO;
				DEBUG_INFORMATION_FORMAT = "dwarf-with-dsym";
				ENABLE_NS_ASSERTIONS = NO;
				ENABLE_STRICT_OBJC_MSGSEND = YES;
				GCC_C_LANGUAGE_STANDARD = gnu11;
				GCC_NO_COMMON_BLOCKS = YES;
				GCC_WARN_64_TO_32_BIT_CONVERSION = YES;
				GCC_WARN_ABOUT_RETURN_TYPE = YES_ERROR;
				GCC_WARN_UNDECLARED_SELECTOR = YES;
				GCC_WARN_UNINITIALIZED_AUTOS = YES_AGGRESSIVE;
				GCC_WARN_UNUSED_FUNCTION = YES;
				GCC_WARN_UNUSED_VARIABLE = YES;
				IPHONEOS_DEPLOYMENT_TARGET = 11.3;
				MTL_ENABLE_DEBUG_INFO = NO;
				SDKROOT = iphoneos;
				SWIFT_COMPILATION_MODE = wholemodule;
				SWIFT_OPTIMIZATION_LEVEL = "-O";
				VALIDATE_PRODUCT = YES;
			};
			name = Release;
		};
		18AFD755208C128E00CDC78F /* Debug */ = {
			isa = XCBuildConfiguration;
			baseConfigurationReference = 819E4131918A6598C6B04979 /* Pods-TestApp.debug.xcconfig */;
			buildSettings = {
				ASSETCATALOG_COMPILER_APPICON_NAME = AppIcon;
				CODE_SIGN_STYLE = Automatic;
				DEVELOPMENT_TEAM = D8USE8GJ9P;
				INFOPLIST_FILE = TestApp/Info.plist;
				LD_RUNPATH_SEARCH_PATHS = (
					"$(inherited)",
					"@executable_path/Frameworks",
				);
				PRODUCT_BUNDLE_IDENTIFIER = ru.rostovm.TestApp;
				PRODUCT_NAME = "$(TARGET_NAME)";
				SWIFT_VERSION = 4.0;
				TARGETED_DEVICE_FAMILY = "1,2";
			};
			name = Debug;
		};
		18AFD756208C128E00CDC78F /* Release */ = {
			isa = XCBuildConfiguration;
			baseConfigurationReference = 4E67E7B0480AAAB2EE1114D5 /* Pods-TestApp.release.xcconfig */;
			buildSettings = {
				ASSETCATALOG_COMPILER_APPICON_NAME = AppIcon;
				CODE_SIGN_STYLE = Automatic;
				DEVELOPMENT_TEAM = D8USE8GJ9P;
				INFOPLIST_FILE = TestApp/Info.plist;
				LD_RUNPATH_SEARCH_PATHS = (
					"$(inherited)",
					"@executable_path/Frameworks",
				);
				PRODUCT_BUNDLE_IDENTIFIER = ru.rostovm.TestApp;
				PRODUCT_NAME = "$(TARGET_NAME)";
				SWIFT_VERSION = 4.0;
				TARGETED_DEVICE_FAMILY = "1,2";
			};
			name = Release;
		};
/* End XCBuildConfiguration section */

/* Begin XCConfigurationList section */
		18AFD73D208C128C00CDC78F /* Build configuration list for PBXProject "TestApp" */ = {
			isa = XCConfigurationList;
			buildConfigurations = (
				18AFD752208C128E00CDC78F /* Debug */,
				18AFD753208C128E00CDC78F /* Release */,
			);
			defaultConfigurationIsVisible = 0;
			defaultConfigurationName = Release;
		};
		18AFD754208C128E00CDC78F /* Build configuration list for PBXNativeTarget "TestApp" */ = {
			isa = XCConfigurationList;
			buildConfigurations = (
				18AFD755208C128E00CDC78F /* Debug */,
				18AFD756208C128E00CDC78F /* Release */,
			);
			defaultConfigurationIsVisible = 0;
			defaultConfigurationName = Release;
		};
/* End XCConfigurationList section */
	};
	rootObject = 18AFD73A208C128C00CDC78F /* Project object */;
}
